
Microsoft Visual Studio Solution File, Format Version 12.00
# Visual Studio Version 17
VisualStudioVersion = 17.9.34728.123
MinimumVisualStudioVersion = 10.0.40219.1
Project("{FAE04EC0-301F-11D3-BF4B-00C04F79EFBC}") = "TwoDCellCore", "TwoDCellCore\TwoDCellCore.csproj", "{A153EE90-9EAE-4040-A413-F707889E5B31}"
EndProject
Global
	GlobalSection(SolutionConfigurationPlatforms) = preSolution
		Debug|Any CPU = Debug|Any CPU
		Release|Any CPU = Release|Any CPU
	EndGlobalSection
	GlobalSection(ProjectConfigurationPlatforms) = postSolution
		{A153EE90-9EAE-4040-A413-F707889E5B31}.Debug|Any CPU.ActiveCfg = Debug|Any CPU
		{A153EE90-9EAE-4040-A413-F707889E5B31}.Debug|Any CPU.Build.0 = Debug|Any CPU
		{A153EE90-9EAE-4040-A413-F707889E5B31}.Release|Any CPU.ActiveCfg = Release|Any CPU
		{A153EE90-9EAE-4040-A413-F707889E5B31}.Release|Any CPU.Build.0 = Release|Any CPU
	EndGlobalSection
	GlobalSection(SolutionProperties) = preSolution
		HideSolutionNode = FALSE
	EndGlobalSection
	GlobalSection(ExtensibilityGlobals) = postSolution
		SolutionGuid = {D39AC671-11CD-4E33-9193-CB69574D2809}
	EndGlobalSection
EndGlobal
